{
  "name": "tlid-cli",
  "version": "0.0.2",
  "lockfileVersion": 2,
  "requires": true,
  "packages": {
    "": {
      "name": "tlid-cli",
      "version": "0.0.2",
      "license": "MIT",
      "dependencies": {
        "tlid": "^1.0.12"
      }
    },
    "node_modules/moment": {
      "version": "2.29.1",
      "resolved": "https://registry.npmjs.org/moment/-/moment-2.29.1.tgz",
      "integrity": "sha512-kHmoybcPV8Sqy59DwNDY3Jefr64lK/by/da0ViFcuA4DH0vQg5Q6Ze5VimxkfQNSC+Mls/Kx53s7TjP1RhFEDQ==",
      "engines": {
        "node": "*"
      }
    },
    "node_modules/tlid": {
      "version": "1.0.12",
      "resolved": "https://registry.npmjs.org/tlid/-/tlid-1.0.12.tgz",
      "integrity": "sha512-XfDP+tmYHcyK9gJv3TJNGJnesmjE1j1pnFVhV41TLKLLfDVH3jMi+7GydZwk7i/1mn5thLofK1fT2MKYzOP1Tg==",
      "hasInstallScript": true,
      "dependencies": {
        "moment": "^2.22.2"
      }
    }
  },
  "dependencies": {
    "moment": {
      "version": "2.29.1",
      "resolved": "https://registry.npmjs.org/moment/-/moment-2.29.1.tgz",
      "integrity": "sha512-kHmoybcPV8Sqy59DwNDY3Jefr64lK/by/da0ViFcuA4DH0vQg5Q6Ze5VimxkfQNSC+Mls/Kx53s7TjP1RhFEDQ=="
    },
    "tlid": {
      "version": "1.0.12",
      "resolved": "https://registry.npmjs.org/tlid/-/tlid-1.0.12.tgz",
      "integrity": "sha512-XfDP+tmYHcyK9gJv3TJNGJnesmjE1j1pnFVhV41TLKLLfDVH3jMi+7GydZwk7i/1mn5thLofK1fT2MKYzOP1Tg==",
      "requires": {
        "moment": "^2.22.2"
      }
    }
  }
}
