{
  "name": "tlid-cli",
  "version": "0.0.9",
  "lockfileVersion": 2,
  "requires": true,
  "packages": {
    "": {
      "name": "tlid-cli",
      "version": "0.0.9",
      "license": "MIT",
      "dependencies": {
        "tlid": "^1.0.16"
      },
      "bin": {
        "tlidcli": "tlidcli.js"
      }
    },
    "node_modules/moment": {
      "version": "2.29.3",
      "resolved": "https://registry.npmjs.org/moment/-/moment-2.29.3.tgz",
      "integrity": "sha512-c6YRvhEo//6T2Jz/vVtYzqBzwvPT95JBQ+smCytzf7c50oMZRsR/a4w88aD34I+/QVSfnoAnSBFPJHItlOMJVw==",
      "engines": {
        "node": "*"
      }
    },
    "node_modules/tlid": {
      "version": "1.0.16",
      "resolved": "https://registry.npmjs.org/tlid/-/tlid-1.0.16.tgz",
      "integrity": "sha512-J5Q6bmkkjBdS1PZjs9wa9RZpkt30soqpOY3qBcYMXvI8TCtMiAQX/qxzfUzBKZAhsLwVx/ezpSWUPG78P4paqw==",
      "hasInstallScript": true,
      "dependencies": {
        "moment": "^2.22.2"
      },
      "bin": {
        "tlid": "tlidcli.js"
      }
    }
  },
  "dependencies": {
    "moment": {
      "version": "2.29.3",
      "resolved": "https://registry.npmjs.org/moment/-/moment-2.29.3.tgz",
      "integrity": "sha512-c6YRvhEo//6T2Jz/vVtYzqBzwvPT95JBQ+smCytzf7c50oMZRsR/a4w88aD34I+/QVSfnoAnSBFPJHItlOMJVw=="
    },
    "tlid": {
      "version": "1.0.16",
      "resolved": "https://registry.npmjs.org/tlid/-/tlid-1.0.16.tgz",
      "integrity": "sha512-J5Q6bmkkjBdS1PZjs9wa9RZpkt30soqpOY3qBcYMXvI8TCtMiAQX/qxzfUzBKZAhsLwVx/ezpSWUPG78P4paqw==",
      "requires": {
        "moment": "^2.22.2"
      }
    }
  }
}
